// !$*UTF8*$!
{
	archiveVersion = 1;
	classes = {
	};
	objectVersion = 46;
	objects = {

/* Begin PBXBuildFile section */
		9909F0B71D2D48A2004E11C3 /* main.m in Sources */ = {isa = PBXBuildFile; fileRef = 9909F0B61D2D48A2004E11C3 /* main.m */; };
		9909F0BA1D2D48A2004E11C3 /* AppDelegate.m in Sources */ = {isa = PBXBuildFile; fileRef = 9909F0B91D2D48A2004E11C3 /* AppDelegate.m */; };
		9909F0C01D2D48A2004E11C3 /* Main.storyboard in Resources */ = {isa = PBXBuildFile; fileRef = 9909F0BE1D2D48A2004E11C3 /* Main.storyboard */; };
		9909F0C21D2D48A2004E11C3 /* Assets.xcassets in Resources */ = {isa = PBXBuildFile; fileRef = 9909F0C11D2D48A2004E11C3 /* Assets.xcassets */; };
		9909F0C51D2D48A3004E11C3 /* LaunchScreen.storyboard in Resources */ = {isa = PBXBuildFile; fileRef = 9909F0C31D2D48A3004E11C3 /* LaunchScreen.storyboard */; };
/* End PBXBuildFile section */

/* Begin PBXFileReference section */
		9909F0B21D2D48A2004E11C3 /* 诚诚直播.app */ = {isa = PBXFileReference; explicitFileType = wrapper.application; includeInIndex = 0; path = "诚诚直播.app"; sourceTree = BUILT_PRODUCTS_DIR; };
		9909F0B61D2D48A2004E11C3 /* main.m */ = {isa = PBXFileReference; lastKnownFileType = sourcecode.c.objc; path = main.m; sourceTree = "<group>"; };
		9909F0B81D2D48A2004E11C3 /* AppDelegate.h */ = {isa = PBXFileReference; lastKnownFileType = sourcecode.c.h; path = AppDelegate.h; sourceTree = "<group>"; };
		9909F0B91D2D48A2004E11C3 /* AppDelegate.m */ = {isa = PBXFileReference; lastKnownFileType = sourcecode.c.objc; path = AppDelegate.m; sourceTree = "<group>"; };
		9909F0BF1D2D48A2004E11C3 /* Base */ = {isa = PBXFileReference; lastKnownFileType = file.storyboard; name = Base; path = Base.lproj/Main.storyboard; sourceTree = "<group>"; };
		9909F0C11D2D48A2004E11C3 /* Assets.xcassets */ = {isa = PBXFileReference; lastKnownFileType = folder.assetcatalog; path = Assets.xcassets; sourceTree = "<group>"; };
		9909F0C41D2D48A3004E11C3 /* Base */ = {isa = PBXFileReference; lastKnownFileType = file.storyboard; name = Base; path = Base.lproj/LaunchScreen.storyboard; sourceTree = "<group>"; };
		9909F0C61D2D48A3004E11C3 /* Info.plist */ = {isa = PBXFileReference; lastKnownFileType = text.plist.xml; path = Info.plist; sourceTree = "<group>"; };
/* End PBXFileReference section */

/* Begin PBXFrameworksBuildPhase section */
		9909F0AF1D2D48A2004E11C3 /* Frameworks */ = {
			isa = PBXFrameworksBuildPhase;
			buildActionMask = 2147483647;
			files = (
			);
			runOnlyForDeploymentPostprocessing = 0;
		};
/* End PBXFrameworksBuildPhase section */

/* Begin PBXGroup section */
		9909F0A91D2D48A2004E11C3 = {
			isa = PBXGroup;
			children = (
				9909F0B41D2D48A2004E11C3 /* 诚诚直播 */,
				9909F0B31D2D48A2004E11C3 /* Products */,
			);
			sourceTree = "<group>";
		};
		9909F0B31D2D48A2004E11C3 /* Products */ = {
			isa = PBXGroup;
			children = (
				9909F0B21D2D48A2004E11C3 /* 诚诚直播.app */,
			);
			name = Products;
			sourceTree = "<group>";
		};
		9909F0B41D2D48A2004E11C3 /* 诚诚直播 */ = {
			isa = PBXGroup;
			children = (
				9909F0CC1D2D4CD3004E11C3 /* Classes */,
				9909F0B81D2D48A2004E11C3 /* AppDelegate.h */,
				9909F0B91D2D48A2004E11C3 /* AppDelegate.m */,
				9909F0BE1D2D48A2004E11C3 /* Main.storyboard */,
				9909F0C11D2D48A2004E11C3 /* Assets.xcassets */,
				9909F0C31D2D48A3004E11C3 /* LaunchScreen.storyboard */,
				9909F0C61D2D48A3004E11C3 /* Info.plist */,
				9909F0B51D2D48A2004E11C3 /* Supporting Files */,
			);
			path = "诚诚直播";
			sourceTree = "<group>";
		};
		9909F0B51D2D48A2004E11C3 /* Supporting Files */ = {
			isa = PBXGroup;
			children = (
				9909F0B61D2D48A2004E11C3 /* main.m */,
			);
			name = "Supporting Files";
			sourceTree = "<group>";
		};
		9909F0CC1D2D4CD3004E11C3 /* Classes */ = {
			isa = PBXGroup;
			children = (
				9909F0CD1D2D4CD3004E11C3 /* Helper */,
				9909F0CE1D2D4CD3004E11C3 /* Home */,
				9909F0D21D2D4CD3004E11C3 /* Main */,
				9909F0D61D2D4CD3004E11C3 /* Mine */,
				9909F0DA1D2D4CD3004E11C3 /* Other */,
				9909F0DB1D2D4CD3004E11C3 /* Vendor */,
			);
			path = Classes;
			sourceTree = "<group>";
		};
		9909F0CD1D2D4CD3004E11C3 /* Helper */ = {
			isa = PBXGroup;
			children = (
			);
			path = Helper;
			sourceTree = "<group>";
		};
		9909F0CE1D2D4CD3004E11C3 /* Home */ = {
			isa = PBXGroup;
			children = (
				9909F0CF1D2D4CD3004E11C3 /* Controller */,
				9909F0D01D2D4CD3004E11C3 /* Model */,
				9909F0D11D2D4CD3004E11C3 /* View */,
			);
			path = Home;
			sourceTree = "<group>";
		};
		9909F0CF1D2D4CD3004E11C3 /* Controller */ = {
			isa = PBXGroup;
			children = (
			);
			path = Controller;
			sourceTree = "<group>";
		};
		9909F0D01D2D4CD3004E11C3 /* Model */ = {
			isa = PBXGroup;
			children = (
			);
			path = Model;
			sourceTree = "<group>";
		};
		9909F0D11D2D4CD3004E11C3 /* View */ = {
			isa = PBXGroup;
			children = (
			);
			path = View;
			sourceTree = "<group>";
		};
		9909F0D21D2D4CD3004E11C3 /* Main */ = {
			isa = PBXGroup;
			children = (
				9909F0D31D2D4CD3004E11C3 /* Controller */,
				9909F0D41D2D4CD3004E11C3 /* Model */,
				9909F0D51D2D4CD3004E11C3 /* View */,
			);
			path = Main;
			sourceTree = "<group>";
		};
		9909F0D31D2D4CD3004E11C3 /* Controller */ = {
			isa = PBXGroup;
			children = (
			);
			path = Controller;
			sourceTree = "<group>";
		};
		9909F0D41D2D4CD3004E11C3 /* Model */ = {
			isa = PBXGroup;
			children = (
			);
			path = Model;
			sourceTree = "<group>";
		};
		9909F0D51D2D4CD3004E11C3 /* View */ = {
			isa = PBXGroup;
			children = (
			);
			path = View;
			sourceTree = "<group>";
		};
		9909F0D61D2D4CD3004E11C3 /* Mine */ = {
			isa = PBXGroup;
			children = (
				9909F0D71D2D4CD3004E11C3 /* Controller */,
				9909F0D81D2D4CD3004E11C3 /* Model */,
				9909F0D91D2D4CD3004E11C3 /* View */,
			);
			path = Mine;
			sourceTree = "<group>";
		};
		9909F0D71D2D4CD3004E11C3 /* Controller */ = {
			isa = PBXGroup;
			children = (
			);
			path = Controller;
			sourceTree = "<group>";
		};
		9909F0D81D2D4CD3004E11C3 /* Model */ = {
			isa = PBXGroup;
			children = (
			);
			path = Model;
			sourceTree = "<group>";
		};
		9909F0D91D2D4CD3004E11C3 /* View */ = {
			isa = PBXGroup;
			children = (
			);
			path = View;
			sourceTree = "<group>";
		};
		9909F0DA1D2D4CD3004E11C3 /* Other */ = {
			isa = PBXGroup;
			children = (
			);
			path = Other;
			sourceTree = "<group>";
		};
		9909F0DB1D2D4CD3004E11C3 /* Vendor */ = {
			isa = PBXGroup;
			children = (
			);
			path = Vendor;
			sourceTree = "<group>";
		};
/* End PBXGroup section */

/* Begin PBXNativeTarget section */
		9909F0B11D2D48A2004E11C3 /* 诚诚直播 */ = {
			isa = PBXNativeTarget;
			buildConfigurationList = 9909F0C91D2D48A3004E11C3 /* Build configuration list for PBXNativeTarget "诚诚直播" */;
			buildPhases = (
				9909F0AE1D2D48A2004E11C3 /* Sources */,
				9909F0AF1D2D48A2004E11C3 /* Frameworks */,
				9909F0B01D2D48A2004E11C3 /* Resources */,
			);
			buildRules = (
			);
			dependencies = (
			);
			name = "诚诚直播";
			productName = "诚诚直播";
			productReference = 9909F0B21D2D48A2004E11C3 /* 诚诚直播.app */;
			productType = "com.apple.product-type.application";
		};
/* End PBXNativeTarget section */

/* Begin PBXProject section */
		9909F0AA1D2D48A2004E11C3 /* Project object */ = {
			isa = PBXProject;
			attributes = {
				LastUpgradeCheck = 0730;
				ORGANIZATIONNAME = liaoyicheng;
				TargetAttributes = {
					9909F0B11D2D48A2004E11C3 = {
						CreatedOnToolsVersion = 7.3;
					};
				};
			};
			buildConfigurationList = 9909F0AD1D2D48A2004E11C3 /* Build configuration list for PBXProject "诚诚直播" */;
			compatibilityVersion = "Xcode 3.2";
			developmentRegion = English;
			hasScannedForEncodings = 0;
			knownRegions = (
				en,
				Base,
			);
			mainGroup = 9909F0A91D2D48A2004E11C3;
			productRefGroup = 9909F0B31D2D48A2004E11C3 /* Products */;
			projectDirPath = "";
			projectRoot = "";
			targets = (
				9909F0B11D2D48A2004E11C3 /* 诚诚直播 */,
			);
		};
/* End PBXProject section */

/* Begin PBXResourcesBuildPhase section */
		9909F0B01D2D48A2004E11C3 /* Resources */ = {
			isa = PBXResourcesBuildPhase;
			buildActionMask = 2147483647;
			files = (
				9909F0C51D2D48A3004E11C3 /* LaunchScreen.storyboard in Resources */,
				9909F0C21D2D48A2004E11C3 /* Assets.xcassets in Resources */,
				9909F0C01D2D48A2004E11C3 /* Main.storyboard in Resources */,
			);
			runOnlyForDeploymentPostprocessing = 0;
		};
/* End PBXResourcesBuildPhase section */

/* Begin PBXSourcesBuildPhase section */
		9909F0AE1D2D48A2004E11C3 /* Sources */ = {
			isa = PBXSourcesBuildPhase;
			buildActionMask = 2147483647;
			files = (
				9909F0BA1D2D48A2004E11C3 /* AppDelegate.m in Sources */,
				9909F0B71D2D48A2004E11C3 /* main.m in Sources */,
			);
			runOnlyForDeploymentPostprocessing = 0;
		};
/* End PBXSourcesBuildPhase section */

/* Begin PBXVariantGroup section */
		9909F0BE1D2D48A2004E11C3 /* Main.storyboard */ = {
			isa = PBXVariantGroup;
			children = (
				9909F0BF1D2D48A2004E11C3 /* Base */,
			);
			name = Main.storyboard;
			sourceTree = "<group>";
		};
		9909F0C31D2D48A3004E11C3 /* LaunchScreen.storyboard */ = {
			isa = PBXVariantGroup;
			children = (
				9909F0C41D2D48A3004E11C3 /* Base */,
			);
			name = LaunchScreen.storyboard;
			sourceTree = "<group>";
		};
/* End PBXVariantGroup section */

/* Begin XCBuildConfiguration section */
		9909F0C71D2D48A3004E11C3 /* Debug */ = {
			isa = XCBuildConfiguration;
			buildSettings = {
				ALWAYS_SEARCH_USER_PATHS = NO;
				CLANG_ANALYZER_NONNULL = YES;
				CLANG_CXX_LANGUAGE_STANDARD = "gnu++0x";
				CLANG_CXX_LIBRARY = "libc++";
				CLANG_ENABLE_MODULES = YES;
				CLANG_ENABLE_OBJC_ARC = YES;
				CLANG_WARN_BOOL_CONVERSION = YES;
				CLANG_WARN_CONSTANT_CONVERSION = YES;
				CLANG_WARN_DIRECT_OBJC_ISA_USAGE = YES_ERROR;
				CLANG_WARN_EMPTY_BODY = YES;
				CLANG_WARN_ENUM_CONVERSION = YES;
				CLANG_WARN_INT_CONVERSION = YES;
				CLANG_WARN_OBJC_ROOT_CLASS = YES_ERROR;
				CLANG_WARN_UNREACHABLE_CODE = YES;
				CLANG_WARN__DUPLICATE_METHOD_MATCH = YES;
				"CODE_SIGN_IDENTITY[sdk=iphoneos*]" = "iPhone Developer";
				COPY_PHASE_STRIP = NO;
				DEBUG_INFORMATION_FORMAT = dwarf;
				ENABLE_STRICT_OBJC_MSGSEND = YES;
				ENABLE_TESTABILITY = YES;
				GCC_C_LANGUAGE_STANDARD = gnu99;
				GCC_DYNAMIC_NO_PIC = NO;
				GCC_NO_COMMON_BLOCKS = YES;
				GCC_OPTIMIZATION_LEVEL = 0;
				GCC_PREPROCESSOR_DEFINITIONS = (
					"DEBUG=1",
					"$(inherited)",
				);
				GCC_WARN_64_TO_32_BIT_CONVERSION = YES;
				GCC_WARN_ABOUT_RETURN_TYPE = YES_ERROR;
				GCC_WARN_UNDECLARED_SELECTOR = YES;
				GCC_WARN_UNINITIALIZED_AUTOS = YES_AGGRESSIVE;
				GCC_WARN_UNUSED_FUNCTION = YES;
				GCC_WARN_UNUSED_VARIABLE = YES;
				IPHONEOS_DEPLOYMENT_TARGET = 9.3;
				MTL_ENABLE_DEBUG_INFO = YES;
				ONLY_ACTIVE_ARCH = YES;
				SDKROOT = iphoneos;
			};
			name = Debug;
		};
		9909F0C81D2D48A3004E11C3 /* Release */ = {
			isa = XCBuildConfiguration;
			buildSettings = {
				ALWAYS_SEARCH_USER_PATHS = NO;
				CLANG_ANALYZER_NONNULL = YES;
				CLANG_CXX_LANGUAGE_STANDARD = "gnu++0x";
				CLANG_CXX_LIBRARY = "libc++";
				CLANG_ENABLE_MODULES = YES;
				CLANG_ENABLE_OBJC_ARC = YES;
				CLANG_WARN_BOOL_CONVERSION = YES;
				CLANG_WARN_CONSTANT_CONVERSION = YES;
				CLANG_WARN_DIRECT_OBJC_ISA_USAGE = YES_ERROR;
				CLANG_WARN_EMPTY_BODY = YES;
				CLANG_WARN_ENUM_CONVERSION = YES;
				CLANG_WARN_INT_CONVERSION = YES;
				CLANG_WARN_OBJC_ROOT_CLASS = YES_ERROR;
				CLANG_WARN_UNREACHABLE_CODE = YES;
				CLANG_WARN__DUPLICATE_METHOD_MATCH = YES;
				"CODE_SIGN_IDENTITY[sdk=iphoneos*]" = "iPhone Developer";
				COPY_PHASE_STRIP = NO;
				DEBUG_INFORMATION_FORMAT = "dwarf-with-dsym";
				ENABLE_NS_ASSERTIONS = NO;
				ENABLE_STRICT_OBJC_MSGSEND = YES;
				GCC_C_LANGUAGE_STANDARD = gnu99;
				GCC_NO_COMMON_BLOCKS = YES;
				GCC_WARN_64_TO_32_BIT_CONVERSION = YES;
				GCC_WARN_ABOUT_RETURN_TYPE = YES_ERROR;
				GCC_WARN_UNDECLARED_SELECTOR = YES;
				GCC_WARN_UNINITIALIZED_AUTOS = YES_AGGRESSIVE;
				GCC_WARN_UNUSED_FUNCTION = YES;
				GCC_WARN_UNUSED_VARIABLE = YES;
				IPHONEOS_DEPLOYMENT_TARGET = 9.3;
				MTL_ENABLE_DEBUG_INFO = NO;
				SDKROOT = iphoneos;
				VALIDATE_PRODUCT = YES;
			};
			name = Release;
		};
		9909F0CA1D2D48A3004E11C3 /* Debug */ = {
			isa = XCBuildConfiguration;
			buildSettings = {
				ASSETCATALOG_COMPILER_APPICON_NAME = AppIcon;
				INFOPLIST_FILE = "诚诚直播/Info.plist";
				LD_RUNPATH_SEARCH_PATHS = "$(inherited) @executable_path/Frameworks";
				PRODUCT_BUNDLE_IDENTIFIER = "liaoyicheng.----";
				PRODUCT_NAME = "$(TARGET_NAME)";
			};
			name = Debug;
		};
		9909F0CB1D2D48A3004E11C3 /* Release */ = {
			isa = XCBuildConfiguration;
			buildSettings = {
				ASSETCATALOG_COMPILER_APPICON_NAME = AppIcon;
				INFOPLIST_FILE = "诚诚直播/Info.plist";
				LD_RUNPATH_SEARCH_PATHS = "$(inherited) @executable_path/Frameworks";
				PRODUCT_BUNDLE_IDENTIFIER = "liaoyicheng.----";
				PRODUCT_NAME = "$(TARGET_NAME)";
			};
			name = Release;
		};
/* End XCBuildConfiguration section */

/* Begin XCConfigurationList section */
		9909F0AD1D2D48A2004E11C3 /* Build configuration list for PBXProject "诚诚直播" */ = {
			isa = XCConfigurationList;
			buildConfigurations = (
				9909F0C71D2D48A3004E11C3 /* Debug */,
				9909F0C81D2D48A3004E11C3 /* Release */,
			);
			defaultConfigurationIsVisible = 0;
			defaultConfigurationName = Release;
		};
		9909F0C91D2D48A3004E11C3 /* Build configuration list for PBXNativeTarget "诚诚直播" */ = {
			isa = XCConfigurationList;
			buildConfigurations = (
				9909F0CA1D2D48A3004E11C3 /* Debug */,
				9909F0CB1D2D48A3004E11C3 /* Release */,
			);
			defaultConfigurationIsVisible = 0;
		};
/* End XCConfigurationList section */
	};
	rootObject = 9909F0AA1D2D48A2004E11C3 /* Project object */;
}
